
Microsoft Visual Studio Solution File, Format Version 12.00
# Visual Studio Version 16
VisualStudioVersion = 16.0.30204.135
MinimumVisualStudioVersion = 10.0.40219.1
Project("{9A19103F-16F7-4668-BE54-9A1E7A4F7556}") = "nTipBot", "nTipBot\nTipBot.csproj", "{2390C927-18CB-4E5F-BF8C-326E98C7249B}"
EndProject
Project("{9A19103F-16F7-4668-BE54-9A1E7A4F7556}") = "NknSdk", "nkn-sdk-net\NknSdk\NknSdk.csproj", "{AA210157-191B-419D-8686-09F7EFC75E98}"
EndProject
Project("{9A19103F-16F7-4668-BE54-9A1E7A4F7556}") = "Ncp", "nkn-sdk-net\Ncp\Ncp.csproj", "{7A995307-91A1-4C62-80BB-76729A285D56}"
EndProject
Global
	GlobalSection(SolutionConfigurationPlatforms) = preSolution
		Debug|Any CPU = Debug|Any CPU
		Release|Any CPU = Release|Any CPU
	EndGlobalSection
	GlobalSection(ProjectConfigurationPlatforms) = postSolution
		{2390C927-18CB-4E5F-BF8C-326E98C7249B}.Debug|Any CPU.ActiveCfg = Debug|Any CPU
		{2390C927-18CB-4E5F-BF8C-326E98C7249B}.Debug|Any CPU.Build.0 = Debug|Any CPU
		{2390C927-18CB-4E5F-BF8C-326E98C7249B}.Release|Any CPU.ActiveCfg = Release|Any CPU
		{2390C927-18CB-4E5F-BF8C-326E98C7249B}.Release|Any CPU.Build.0 = Release|Any CPU
		{AA210157-191B-419D-8686-09F7EFC75E98}.Debug|Any CPU.ActiveCfg = Debug|Any CPU
		{AA210157-191B-419D-8686-09F7EFC75E98}.Debug|Any CPU.Build.0 = Debug|Any CPU
		{AA210157-191B-419D-8686-09F7EFC75E98}.Release|Any CPU.ActiveCfg = Release|Any CPU
		{AA210157-191B-419D-8686-09F7EFC75E98}.Release|Any CPU.Build.0 = Release|Any CPU
		{7A995307-91A1-4C62-80BB-76729A285D56}.Debug|Any CPU.ActiveCfg = Debug|Any CPU
		{7A995307-91A1-4C62-80BB-76729A285D56}.Debug|Any CPU.Build.0 = Debug|Any CPU
		{7A995307-91A1-4C62-80BB-76729A285D56}.Release|Any CPU.ActiveCfg = Release|Any CPU
		{7A995307-91A1-4C62-80BB-76729A285D56}.Release|Any CPU.Build.0 = Release|Any CPU
	EndGlobalSection
	GlobalSection(SolutionProperties) = preSolution
		HideSolutionNode = FALSE
	EndGlobalSection
	GlobalSection(ExtensibilityGlobals) = postSolution
		SolutionGuid = {351FCDB6-721A-440C-B558-52E207C02ED8}
	EndGlobalSection
EndGlobal
